{
  "requires": true,
  "lockfileVersion": 1,
  "dependencies": {
    "react-floating-whatsapp": {
      "version": "1.5.0",
      "resolved": "https://registry.npmjs.org/react-floating-whatsapp/-/react-floating-whatsapp-1.5.0.tgz",
      "integrity": "sha512-8Z0jg7rMTlQ0+aoFVP9yDuGC4wlXn0AaEnEcbLAPjRwLrSep9x5cBaeklaHCFcJb4u2NLOCh7rcs5ghSdOQUhA=="
    },
    "react-floating-whatsapp-button": {
      "version": "1.0.3",
      "resolved": "https://registry.npmjs.org/react-floating-whatsapp-button/-/react-floating-whatsapp-button-1.0.3.tgz",
      "integrity": "sha512-6xg9Ow4giIBAEeus23ySEUJl+Oo1LJATQHWHUlNQKJXdK5XbZqeNVWxsYyuSBl6rlZc6bhnDXBgO4u/DBzdRVw=="
    }
  }
}
